
Microsoft Visual Studio Solution File, Format Version 12.00
# Visual Studio Version 17
VisualStudioVersion = 17.10.34928.147
MinimumVisualStudioVersion = 10.0.40219.1
Project("{FAE04EC0-301F-11D3-BF4B-00C04F79EFBC}") = "LearningC#", "LearningC#\LearningC#.csproj", "{EF235F2A-ADE2-414E-A1BF-16DB0A2E9689}"
EndProject
Global
	GlobalSection(SolutionConfigurationPlatforms) = preSolution
		Debug|Any CPU = Debug|Any CPU
		Release|Any CPU = Release|Any CPU
	EndGlobalSection
	GlobalSection(ProjectConfigurationPlatforms) = postSolution
		{EF235F2A-ADE2-414E-A1BF-16DB0A2E9689}.Debug|Any CPU.ActiveCfg = Debug|Any CPU
		{EF235F2A-ADE2-414E-A1BF-16DB0A2E9689}.Debug|Any CPU.Build.0 = Debug|Any CPU
		{EF235F2A-ADE2-414E-A1BF-16DB0A2E9689}.Release|Any CPU.ActiveCfg = Release|Any CPU
		{EF235F2A-ADE2-414E-A1BF-16DB0A2E9689}.Release|Any CPU.Build.0 = Release|Any CPU
	EndGlobalSection
	GlobalSection(SolutionProperties) = preSolution
		HideSolutionNode = FALSE
	EndGlobalSection
	GlobalSection(ExtensibilityGlobals) = postSolution
		SolutionGuid = {90225528-8A50-4860-B2E4-E0882D694F3D}
	EndGlobalSection
EndGlobal
